
Microsoft Visual Studio Solution File, Format Version 12.00
# Visual Studio Version 16
VisualStudioVersion = 16.0.30503.244
MinimumVisualStudioVersion = 10.0.40219.1
Project("{FAE04EC0-301F-11D3-BF4B-00C04F79EFBC}") = "GameQuest", "GameQuest\GameQuest.csproj", "{E02FC57F-4AF9-40F2-99F5-0D5F2548EB51}"
EndProject
Global
	GlobalSection(SolutionConfigurationPlatforms) = preSolution
		Debug|Any CPU = Debug|Any CPU
		Release|Any CPU = Release|Any CPU
	EndGlobalSection
	GlobalSection(ProjectConfigurationPlatforms) = postSolution
		{E02FC57F-4AF9-40F2-99F5-0D5F2548EB51}.Debug|Any CPU.ActiveCfg = Debug|Any CPU
		{E02FC57F-4AF9-40F2-99F5-0D5F2548EB51}.Debug|Any CPU.Build.0 = Debug|Any CPU
		{E02FC57F-4AF9-40F2-99F5-0D5F2548EB51}.Release|Any CPU.ActiveCfg = Release|Any CPU
		{E02FC57F-4AF9-40F2-99F5-0D5F2548EB51}.Release|Any CPU.Build.0 = Release|Any CPU
	EndGlobalSection
	GlobalSection(SolutionProperties) = preSolution
		HideSolutionNode = FALSE
	EndGlobalSection
	GlobalSection(ExtensibilityGlobals) = postSolution
		SolutionGuid = {95859736-818B-4081-910F-46C356AE9A99}
	EndGlobalSection
EndGlobal
